
Microsoft Visual Studio Solution File, Format Version 12.00
# Visual Studio Version 17
VisualStudioVersion = 17.8.34511.84
MinimumVisualStudioVersion = 10.0.40219.1
Project("{9A19103F-16F7-4668-BE54-9A1E7A4F7556}") = "EventStoreDemo", "WebApplication1\EventStoreDemo.csproj", "{2B3187CC-A542-4202-87A4-48673D68D158}"
EndProject
Project("{9A19103F-16F7-4668-BE54-9A1E7A4F7556}") = "CheckInService", "CheckInService\CheckInService.csproj", "{C9A5C07A-36B2-492C-AC98-4E745297E5DF}"
EndProject
Project("{9A19103F-16F7-4668-BE54-9A1E7A4F7556}") = "RabbitMQ.Messages", "RabbitMQ.Messages\RabbitMQ.Messages.csproj", "{42428DD4-8CA7-48F3-8779-B3399F26502F}"
EndProject
Project("{9A19103F-16F7-4668-BE54-9A1E7A4F7556}") = "TestHandler", "TestHandler\TestHandler.csproj", "{32F3FA71-1E22-402A-B6C5-06ED2886A576}"
EndProject
Project("{9A19103F-16F7-4668-BE54-9A1E7A4F7556}") = "AppointmentService", "AppointmentService\AppointmentService.csproj", "{9EB89DA4-C229-4610-ADB9-2B16BDDC984F}"
EndProject
Project("{9A19103F-16F7-4668-BE54-9A1E7A4F7556}") = "DockerDemo", "DockerDemo\DockerDemo.csproj", "{C52D1FC4-9091-427A-A57F-A4427F4BC7E8}"
EndProject
Project("{E53339B2-1760-4266-BCC7-CA923CBCF16C}") = "docker-compose", "docker-compose.dcproj", "{8A77F774-A900-41E8-91D6-0D6300ED7108}"
EndProject
Project("{FAE04EC0-301F-11D3-BF4B-00C04F79EFBC}") = "ImportPatientService", "ImportPatientService\ImportPatientService.csproj", "{D5AF4B25-9440-4766-B058-2852BC7B8976}"
Project("{9A19103F-16F7-4668-BE54-9A1E7A4F7556}") = "PatientService", "PatientService\PatientService.csproj", "{B32AC392-6A70-4BF2-84B2-2EE5CB2B9B86}"
EndProject
Global
	GlobalSection(SolutionConfigurationPlatforms) = preSolution
		Debug|Any CPU = Debug|Any CPU
		Release|Any CPU = Release|Any CPU
	EndGlobalSection
	GlobalSection(ProjectConfigurationPlatforms) = postSolution
		{2B3187CC-A542-4202-87A4-48673D68D158}.Debug|Any CPU.ActiveCfg = Debug|Any CPU
		{2B3187CC-A542-4202-87A4-48673D68D158}.Debug|Any CPU.Build.0 = Debug|Any CPU
		{2B3187CC-A542-4202-87A4-48673D68D158}.Release|Any CPU.ActiveCfg = Release|Any CPU
		{2B3187CC-A542-4202-87A4-48673D68D158}.Release|Any CPU.Build.0 = Release|Any CPU
		{C9A5C07A-36B2-492C-AC98-4E745297E5DF}.Debug|Any CPU.ActiveCfg = Debug|Any CPU
		{C9A5C07A-36B2-492C-AC98-4E745297E5DF}.Debug|Any CPU.Build.0 = Debug|Any CPU
		{C9A5C07A-36B2-492C-AC98-4E745297E5DF}.Release|Any CPU.ActiveCfg = Release|Any CPU
		{C9A5C07A-36B2-492C-AC98-4E745297E5DF}.Release|Any CPU.Build.0 = Release|Any CPU
		{42428DD4-8CA7-48F3-8779-B3399F26502F}.Debug|Any CPU.ActiveCfg = Debug|Any CPU
		{42428DD4-8CA7-48F3-8779-B3399F26502F}.Debug|Any CPU.Build.0 = Debug|Any CPU
		{42428DD4-8CA7-48F3-8779-B3399F26502F}.Release|Any CPU.ActiveCfg = Release|Any CPU
		{42428DD4-8CA7-48F3-8779-B3399F26502F}.Release|Any CPU.Build.0 = Release|Any CPU
		{32F3FA71-1E22-402A-B6C5-06ED2886A576}.Debug|Any CPU.ActiveCfg = Debug|Any CPU
		{32F3FA71-1E22-402A-B6C5-06ED2886A576}.Debug|Any CPU.Build.0 = Debug|Any CPU
		{32F3FA71-1E22-402A-B6C5-06ED2886A576}.Release|Any CPU.ActiveCfg = Release|Any CPU
		{32F3FA71-1E22-402A-B6C5-06ED2886A576}.Release|Any CPU.Build.0 = Release|Any CPU
		{9EB89DA4-C229-4610-ADB9-2B16BDDC984F}.Debug|Any CPU.ActiveCfg = Debug|Any CPU
		{9EB89DA4-C229-4610-ADB9-2B16BDDC984F}.Debug|Any CPU.Build.0 = Debug|Any CPU
		{9EB89DA4-C229-4610-ADB9-2B16BDDC984F}.Release|Any CPU.ActiveCfg = Release|Any CPU
		{9EB89DA4-C229-4610-ADB9-2B16BDDC984F}.Release|Any CPU.Build.0 = Release|Any CPU
		{C52D1FC4-9091-427A-A57F-A4427F4BC7E8}.Debug|Any CPU.ActiveCfg = Debug|Any CPU
		{C52D1FC4-9091-427A-A57F-A4427F4BC7E8}.Debug|Any CPU.Build.0 = Debug|Any CPU
		{C52D1FC4-9091-427A-A57F-A4427F4BC7E8}.Release|Any CPU.ActiveCfg = Release|Any CPU
		{C52D1FC4-9091-427A-A57F-A4427F4BC7E8}.Release|Any CPU.Build.0 = Release|Any CPU
		{8A77F774-A900-41E8-91D6-0D6300ED7108}.Debug|Any CPU.ActiveCfg = Debug|Any CPU
		{8A77F774-A900-41E8-91D6-0D6300ED7108}.Debug|Any CPU.Build.0 = Debug|Any CPU
		{8A77F774-A900-41E8-91D6-0D6300ED7108}.Release|Any CPU.ActiveCfg = Release|Any CPU
		{8A77F774-A900-41E8-91D6-0D6300ED7108}.Release|Any CPU.Build.0 = Release|Any CPU
		{D5AF4B25-9440-4766-B058-2852BC7B8976}.Debug|Any CPU.ActiveCfg = Debug|Any CPU
		{D5AF4B25-9440-4766-B058-2852BC7B8976}.Debug|Any CPU.Build.0 = Debug|Any CPU
		{D5AF4B25-9440-4766-B058-2852BC7B8976}.Release|Any CPU.ActiveCfg = Release|Any CPU
		{D5AF4B25-9440-4766-B058-2852BC7B8976}.Release|Any CPU.Build.0 = Release|Any CPU
		{B32AC392-6A70-4BF2-84B2-2EE5CB2B9B86}.Debug|Any CPU.ActiveCfg = Debug|Any CPU
		{B32AC392-6A70-4BF2-84B2-2EE5CB2B9B86}.Debug|Any CPU.Build.0 = Debug|Any CPU
		{B32AC392-6A70-4BF2-84B2-2EE5CB2B9B86}.Release|Any CPU.ActiveCfg = Release|Any CPU
		{B32AC392-6A70-4BF2-84B2-2EE5CB2B9B86}.Release|Any CPU.Build.0 = Release|Any CPU
	EndGlobalSection
	GlobalSection(SolutionProperties) = preSolution
		HideSolutionNode = FALSE
	EndGlobalSection
	GlobalSection(ExtensibilityGlobals) = postSolution
		SolutionGuid = {F89895FB-C16D-40ED-BC5A-3690B049DC31}
	EndGlobalSection
EndGlobal
